
Microsoft Visual Studio Solution File, Format Version 12.00
# Visual Studio 15
VisualStudioVersion = 15.0.28307.168
MinimumVisualStudioVersion = 10.0.40219.1
Project("{8BC9CEB8-8B4A-11D0-8D11-00A0C91BC942}") = "1002", "1002\1002.vcxproj", "{AC30866B-290F-47B5-B854-38F327BB6187}"
EndProject
Project("{8BC9CEB8-8B4A-11D0-8D11-00A0C91BC942}") = "2557", "2557\2557.vcxproj", "{1FE78AC9-5873-4978-B3B4-3121EC7DD594}"
EndProject
Project("{8BC9CEB8-8B4A-11D0-8D11-00A0C91BC942}") = "7287", "7287\7287.vcxproj", "{49004D10-0C4C-4F9C-B348-A557CE78B7F7}"
EndProject
Project("{8BC9CEB8-8B4A-11D0-8D11-00A0C91BC942}") = "10172", "10172\10172.vcxproj", "{6CAB2466-E007-4C94-A077-E7EE6ADAB154}"
EndProject
Project("{8BC9CEB8-8B4A-11D0-8D11-00A0C91BC942}") = "2741", "2741\2741.vcxproj", "{67A0E521-A72A-4725-A700-3256960D2559}"
EndProject
Project("{8BC9CEB8-8B4A-11D0-8D11-00A0C91BC942}") = "10718", "10718\10718.vcxproj", "{CCF4A168-49DE-42C0-B520-4966AE42CEF1}"
EndProject
Project("{8BC9CEB8-8B4A-11D0-8D11-00A0C91BC942}") = "11718", "11718\11718.vcxproj", "{0D885BF7-80C4-4089-9B8F-A863091BCF4F}"
EndProject
Global
	GlobalSection(SolutionConfigurationPlatforms) = preSolution
		Debug|x64 = Debug|x64
		Debug|x86 = Debug|x86
		Release|x64 = Release|x64
		Release|x86 = Release|x86
	EndGlobalSection
	GlobalSection(ProjectConfigurationPlatforms) = postSolution
		{AC30866B-290F-47B5-B854-38F327BB6187}.Debug|x64.ActiveCfg = Debug|x64
		{AC30866B-290F-47B5-B854-38F327BB6187}.Debug|x64.Build.0 = Debug|x64
		{AC30866B-290F-47B5-B854-38F327BB6187}.Debug|x86.ActiveCfg = Debug|Win32
		{AC30866B-290F-47B5-B854-38F327BB6187}.Debug|x86.Build.0 = Debug|Win32
		{AC30866B-290F-47B5-B854-38F327BB6187}.Release|x64.ActiveCfg = Release|x64
		{AC30866B-290F-47B5-B854-38F327BB6187}.Release|x64.Build.0 = Release|x64
		{AC30866B-290F-47B5-B854-38F327BB6187}.Release|x86.ActiveCfg = Release|Win32
		{AC30866B-290F-47B5-B854-38F327BB6187}.Release|x86.Build.0 = Release|Win32
		{1FE78AC9-5873-4978-B3B4-3121EC7DD594}.Debug|x64.ActiveCfg = Debug|x64
		{1FE78AC9-5873-4978-B3B4-3121EC7DD594}.Debug|x64.Build.0 = Debug|x64
		{1FE78AC9-5873-4978-B3B4-3121EC7DD594}.Debug|x86.ActiveCfg = Debug|Win32
		{1FE78AC9-5873-4978-B3B4-3121EC7DD594}.Debug|x86.Build.0 = Debug|Win32
		{1FE78AC9-5873-4978-B3B4-3121EC7DD594}.Release|x64.ActiveCfg = Release|x64
		{1FE78AC9-5873-4978-B3B4-3121EC7DD594}.Release|x64.Build.0 = Release|x64
		{1FE78AC9-5873-4978-B3B4-3121EC7DD594}.Release|x86.ActiveCfg = Release|Win32
		{1FE78AC9-5873-4978-B3B4-3121EC7DD594}.Release|x86.Build.0 = Release|Win32
		{49004D10-0C4C-4F9C-B348-A557CE78B7F7}.Debug|x64.ActiveCfg = Debug|x64
		{49004D10-0C4C-4F9C-B348-A557CE78B7F7}.Debug|x64.Build.0 = Debug|x64
		{49004D10-0C4C-4F9C-B348-A557CE78B7F7}.Debug|x86.ActiveCfg = Debug|Win32
		{49004D10-0C4C-4F9C-B348-A557CE78B7F7}.Debug|x86.Build.0 = Debug|Win32
		{49004D10-0C4C-4F9C-B348-A557CE78B7F7}.Release|x64.ActiveCfg = Release|x64
		{49004D10-0C4C-4F9C-B348-A557CE78B7F7}.Release|x64.Build.0 = Release|x64
		{49004D10-0C4C-4F9C-B348-A557CE78B7F7}.Release|x86.ActiveCfg = Release|Win32
		{49004D10-0C4C-4F9C-B348-A557CE78B7F7}.Release|x86.Build.0 = Release|Win32
		{6CAB2466-E007-4C94-A077-E7EE6ADAB154}.Debug|x64.ActiveCfg = Debug|x64
		{6CAB2466-E007-4C94-A077-E7EE6ADAB154}.Debug|x64.Build.0 = Debug|x64
		{6CAB2466-E007-4C94-A077-E7EE6ADAB154}.Debug|x86.ActiveCfg = Debug|Win32
		{6CAB2466-E007-4C94-A077-E7EE6ADAB154}.Debug|x86.Build.0 = Debug|Win32
		{6CAB2466-E007-4C94-A077-E7EE6ADAB154}.Release|x64.ActiveCfg = Release|x64
		{6CAB2466-E007-4C94-A077-E7EE6ADAB154}.Release|x64.Build.0 = Release|x64
		{6CAB2466-E007-4C94-A077-E7EE6ADAB154}.Release|x86.ActiveCfg = Release|Win32
		{6CAB2466-E007-4C94-A077-E7EE6ADAB154}.Release|x86.Build.0 = Release|Win32
		{67A0E521-A72A-4725-A700-3256960D2559}.Debug|x64.ActiveCfg = Debug|x64
		{67A0E521-A72A-4725-A700-3256960D2559}.Debug|x64.Build.0 = Debug|x64
		{67A0E521-A72A-4725-A700-3256960D2559}.Debug|x86.ActiveCfg = Debug|Win32
		{67A0E521-A72A-4725-A700-3256960D2559}.Debug|x86.Build.0 = Debug|Win32
		{67A0E521-A72A-4725-A700-3256960D2559}.Release|x64.ActiveCfg = Release|x64
		{67A0E521-A72A-4725-A700-3256960D2559}.Release|x64.Build.0 = Release|x64
		{67A0E521-A72A-4725-A700-3256960D2559}.Release|x86.ActiveCfg = Release|Win32
		{67A0E521-A72A-4725-A700-3256960D2559}.Release|x86.Build.0 = Release|Win32
		{CCF4A168-49DE-42C0-B520-4966AE42CEF1}.Debug|x64.ActiveCfg = Debug|x64
		{CCF4A168-49DE-42C0-B520-4966AE42CEF1}.Debug|x64.Build.0 = Debug|x64
		{CCF4A168-49DE-42C0-B520-4966AE42CEF1}.Debug|x86.ActiveCfg = Debug|Win32
		{CCF4A168-49DE-42C0-B520-4966AE42CEF1}.Debug|x86.Build.0 = Debug|Win32
		{CCF4A168-49DE-42C0-B520-4966AE42CEF1}.Release|x64.ActiveCfg = Release|x64
		{CCF4A168-49DE-42C0-B520-4966AE42CEF1}.Release|x64.Build.0 = Release|x64
		{CCF4A168-49DE-42C0-B520-4966AE42CEF1}.Release|x86.ActiveCfg = Release|Win32
		{CCF4A168-49DE-42C0-B520-4966AE42CEF1}.Release|x86.Build.0 = Release|Win32
		{0D885BF7-80C4-4089-9B8F-A863091BCF4F}.Debug|x64.ActiveCfg = Debug|x64
		{0D885BF7-80C4-4089-9B8F-A863091BCF4F}.Debug|x64.Build.0 = Debug|x64
		{0D885BF7-80C4-4089-9B8F-A863091BCF4F}.Debug|x86.ActiveCfg = Debug|Win32
		{0D885BF7-80C4-4089-9B8F-A863091BCF4F}.Debug|x86.Build.0 = Debug|Win32
		{0D885BF7-80C4-4089-9B8F-A863091BCF4F}.Release|x64.ActiveCfg = Release|x64
		{0D885BF7-80C4-4089-9B8F-A863091BCF4F}.Release|x64.Build.0 = Release|x64
		{0D885BF7-80C4-4089-9B8F-A863091BCF4F}.Release|x86.ActiveCfg = Release|Win32
		{0D885BF7-80C4-4089-9B8F-A863091BCF4F}.Release|x86.Build.0 = Release|Win32
	EndGlobalSection
	GlobalSection(SolutionProperties) = preSolution
		HideSolutionNode = FALSE
	EndGlobalSection
	GlobalSection(ExtensibilityGlobals) = postSolution
		SolutionGuid = {4F871F6E-2AE9-4E47-B6B9-DE98F4602929}
	EndGlobalSection
EndGlobal
